Microsoft Visual Studio Solution File, Format Version 12.00
# Visual Studio 2012
Project("{FAE04EC0-301F-11D3-BF4B-00C04F79EFBC}") = "Ludum Dare 48", "Ludum Dare 48.csproj", "{2571A31B-BEF9-4A52-8FA9-E477D36DFE9C}"
EndProject
Global
	GlobalSection(SolutionConfigurationPlatforms) = preSolution
	Debug|Any CPU = Debug|Any CPU
	ExportDebug|Any CPU = ExportDebug|Any CPU
	ExportRelease|Any CPU = ExportRelease|Any CPU
	EndGlobalSection
	GlobalSection(ProjectConfigurationPlatforms) = postSolution
		{2571A31B-BEF9-4A52-8FA9-E477D36DFE9C}.Debug|Any CPU.ActiveCfg = Debug|Any CPU
		{2571A31B-BEF9-4A52-8FA9-E477D36DFE9C}.Debug|Any CPU.Build.0 = Debug|Any CPU
		{2571A31B-BEF9-4A52-8FA9-E477D36DFE9C}.ExportDebug|Any CPU.ActiveCfg = ExportDebug|Any CPU
		{2571A31B-BEF9-4A52-8FA9-E477D36DFE9C}.ExportDebug|Any CPU.Build.0 = ExportDebug|Any CPU
		{2571A31B-BEF9-4A52-8FA9-E477D36DFE9C}.ExportRelease|Any CPU.ActiveCfg = ExportRelease|Any CPU
		{2571A31B-BEF9-4A52-8FA9-E477D36DFE9C}.ExportRelease|Any CPU.Build.0 = ExportRelease|Any CPU
	EndGlobalSection
EndGlobal
